Microsoft Visual Studio Solution File, Format Version 12.00
# Visual Studio Version 17
VisualStudioVersion = 17.5.2.0
MinimumVisualStudioVersion = 10.0.40219.1
Project("{FAE04EC0-301F-11D3-BF4B-00C04F79EFBC}") = "graphics_pack", "graphics_pack.csproj", "{87CE69AC-04C4-C5DD-A8EE-4EC11DD396A4}"
EndProject
Global
	GlobalSection(SolutionConfigurationPlatforms) = preSolution
		Debug|Any CPU = Debug|Any CPU
		Release|Any CPU = Release|Any CPU
	EndGlobalSection
	GlobalSection(ProjectConfigurationPlatforms) = postSolution
		{87CE69AC-04C4-C5DD-A8EE-4EC11DD396A4}.Debug|Any CPU.ActiveCfg = Debug|Any CPU
		{87CE69AC-04C4-C5DD-A8EE-4EC11DD396A4}.Debug|Any CPU.Build.0 = Debug|Any CPU
		{87CE69AC-04C4-C5DD-A8EE-4EC11DD396A4}.Release|Any CPU.ActiveCfg = Release|Any CPU
		{87CE69AC-04C4-C5DD-A8EE-4EC11DD396A4}.Release|Any CPU.Build.0 = Release|Any CPU
	EndGlobalSection
	GlobalSection(SolutionProperties) = preSolution
		HideSolutionNode = FALSE
	EndGlobalSection
	GlobalSection(ExtensibilityGlobals) = postSolution
		SolutionGuid = {9CDB0C80-47AB-4342-A4CD-22EB55554BFB}
	EndGlobalSection
EndGlobal
